lockfileVersion: '9.0'

settings:
  autoInstallPeers: true
  excludeLinksFromLockfile: false

importers:

  .:
    dependencies:
      pnpm:
        specifier: ^10.12.1
        version: 10.12.1
    devDependencies:
      prettier:
        specifier: ^3.4.2
        version: 3.9.6

packages:

  pnpm@10.12.1:
    resolution: {integrity: sha512-8N2oWA8O6UgcXHmh2Se5Fk8sR46QmSrSaLuyRlpzaYQ5HWMz0sMnkTV4soBK8zR0ylVLopwEqLEwYKcXZ1rjrA==}
    engines: {node: '>=18.12'}
    hasBin: true

  prettier@3.9.6:
    resolution: {integrity: sha512-OpN0zzVdiaiAhxpuuj5efpIS4sY9j7bY6uR5mnj5yPzGkdkjNKSJeUThPb60Jw29QuAZgA4o+/iB49kFiaBX6g==}
    engines: {node: '>=14'}
    hasBin: true

snapshots:

  pnpm@10.12.1: {}

  prettier@3.9.6: {}
